[{<<"elli">>,
  {git,"git://github.com/knutin/elli.git",
       {ref,"0cae1521190459bdb16958be7350191df710d799"}},
  0},
 {<<"etest">>,
  {git,"git://github.com/wooga/etest.git",
       {ref,"0f37574928783717cf6f45652e3a0846588c37f5"}},
  0},
 {<<"etest_http">>,
  {git,"git://github.com/wooga/etest_http.git",
       {ref,"5cd35631e9051989abe0b9268ab46f5a69b4a8ed"}},
  0},
 {<<"jiffy">>,
  {git,"git://github.com/davisp/jiffy.git",
       {ref,"330f41c486cf949707eb494b855634df324a6d92"}},
  1}].
